
Microsoft Visual Studio Solution File, Format Version 12.00
# Visual Studio Version 17
VisualStudioVersion = 17.2.32602.215
MinimumVisualStudioVersion = 10.0.40219.1
Project("{FAE04EC0-301F-11D3-BF4B-00C04F79EFBC}") = "FirstMVCApp", "FirstMVCApp.csproj", "{7EF981F1-25E8-49DE-992E-0454F1B20131}"
EndProject
Global
	GlobalSection(SolutionConfigurationPlatforms) = preSolution
		Debug|Any CPU = Debug|Any CPU
		Release|Any CPU = Release|Any CPU
	EndGlobalSection
	GlobalSection(ProjectConfigurationPlatforms) = postSolution
		{7EF981F1-25E8-49DE-992E-0454F1B20131}.Debug|Any CPU.ActiveCfg = Debug|Any CPU
		{7EF981F1-25E8-49DE-992E-0454F1B20131}.Debug|Any CPU.Build.0 = Debug|Any CPU
		{7EF981F1-25E8-49DE-992E-0454F1B20131}.Release|Any CPU.ActiveCfg = Release|Any CPU
		{7EF981F1-25E8-49DE-992E-0454F1B20131}.Release|Any CPU.Build.0 = Release|Any CPU
	EndGlobalSection
	GlobalSection(SolutionProperties) = preSolution
		HideSolutionNode = FALSE
	EndGlobalSection
	GlobalSection(ExtensibilityGlobals) = postSolution
		SolutionGuid = {7250C711-8E81-45E5-AA9D-F40697D69826}
	EndGlobalSection
EndGlobal
